
Microsoft Visual Studio Solution File, Format Version 12.00
# Visual Studio Version 16
VisualStudioVersion = 16.0.31112.23
MinimumVisualStudioVersion = 10.0.40219.1
Project("{FAE04EC0-301F-11D3-BF4B-00C04F79EFBC}") = "ConsoleGame", "ConsoleGame.csproj", "{06CBC801-C7A4-4D1A-B9EA-D28BE3393427}"
EndProject
Global
	GlobalSection(SolutionConfigurationPlatforms) = preSolution
		Debug|Any CPU = Debug|Any CPU
		Release|Any CPU = Release|Any CPU
	EndGlobalSection
	GlobalSection(ProjectConfigurationPlatforms) = postSolution
		{06CBC801-C7A4-4D1A-B9EA-D28BE3393427}.Debug|Any CPU.ActiveCfg = Debug|Any CPU
		{06CBC801-C7A4-4D1A-B9EA-D28BE3393427}.Debug|Any CPU.Build.0 = Debug|Any CPU
		{06CBC801-C7A4-4D1A-B9EA-D28BE3393427}.Release|Any CPU.ActiveCfg = Release|Any CPU
		{06CBC801-C7A4-4D1A-B9EA-D28BE3393427}.Release|Any CPU.Build.0 = Release|Any CPU
	EndGlobalSection
	GlobalSection(SolutionProperties) = preSolution
		HideSolutionNode = FALSE
	EndGlobalSection
	GlobalSection(ExtensibilityGlobals) = postSolution
		SolutionGuid = {2CFBA802-B866-4260-BB50-5B26AF7BF3DE}
	EndGlobalSection
EndGlobal
